// !$*UTF8*$!
{
	archiveVersion = 1;
	classes = {
	};
	objectVersion = 55;
	objects = {

/* Begin PBXBuildFile section */
		0A8E66B027F5288600E4BA64 /* FinkHeavy.ttf in Resources */ = {isa = PBXBuildFile; fileRef = 0A8E66AF27F5288500E4BA64 /* FinkHeavy.ttf */; };
		75A8CD6927B4262D0093CB56 /* AppDelegate.swift in Sources */ = {isa = PBXBuildFile; fileRef = 75A8CD6827B4262D0093CB56 /* AppDelegate.swift */; };
		75A8CD6B27B4262D0093CB56 /* SceneDelegate.swift in Sources */ = {isa = PBXBuildFile; fileRef = 75A8CD6A27B4262D0093CB56 /* SceneDelegate.swift */; };
		75A8CD7027B4262D0093CB56 /* Main.storyboard in Resources */ = {isa = PBXBuildFile; fileRef = 75A8CD6E27B4262D0093CB56 /* Main.storyboard */; };
		75A8CD7227B426320093CB56 /* Assets.xcassets in Resources */ = {isa = PBXBuildFile; fileRef = 75A8CD7127B426320093CB56 /* Assets.xcassets */; };
		75A8CD7527B426320093CB56 /* LaunchScreen.storyboard in Resources */ = {isa = PBXBuildFile; fileRef = 75A8CD7327B426320093CB56 /* LaunchScreen.storyboard */; };
		75A8CD7D27B42BE70093CB56 /* PrimaryTableViewController.swift in Sources */ = {isa = PBXBuildFile; fileRef = 75A8CD7C27B42BE60093CB56 /* PrimaryTableViewController.swift */; };
		75A8CD7F27B42BFB0093CB56 /* SecondaryViewController.swift in Sources */ = {isa = PBXBuildFile; fileRef = 75A8CD7E27B42BFB0093CB56 /* SecondaryViewController.swift */; };
		75A8CD8127B42C8A0093CB56 /* ACNHCharacters.plist in Resources */ = {isa = PBXBuildFile; fileRef = 75A8CD8027B42C8A0093CB56 /* ACNHCharacters.plist */; };
		75A8CD8327B42CB00093CB56 /* Villager.swift in Sources */ = {isa = PBXBuildFile; fileRef = 75A8CD8227B42CB00093CB56 /* Villager.swift */; };
		75A8CD8527B42CE10093CB56 /* DataLoader.swift in Sources */ = {isa = PBXBuildFile; fileRef = 75A8CD8427B42CE10093CB56 /* DataLoader.swift */; };
/* End PBXBuildFile section */

/* Begin PBXFileReference section */
		0A8E66AF27F5288500E4BA64 /* FinkHeavy.ttf */ = {isa = PBXFileReference; lastKnownFileType = file; path = FinkHeavy.ttf; sourceTree = "<group>"; };
		75A8CD6527B4262D0093CB56 /* ACNH.app */ = {isa = PBXFileReference; explicitFileType = wrapper.application; includeInIndex = 0; path = ACNH.app; sourceTree = BUILT_PRODUCTS_DIR; };
		75A8CD6827B4262D0093CB56 /* AppDelegate.swift */ = {isa = PBXFileReference; lastKnownFileType = sourcecode.swift; path = AppDelegate.swift; sourceTree = "<group>"; };
		75A8CD6A27B4262D0093CB56 /* SceneDelegate.swift */ = {isa = PBXFileReference; lastKnownFileType = sourcecode.swift; path = SceneDelegate.swift; sourceTree = "<group>"; };
		75A8CD6F27B4262D0093CB56 /* Base */ = {isa = PBXFileReference; lastKnownFileType = file.storyboard; name = Base; path = Base.lproj/Main.storyboard; sourceTree = "<group>"; };
		75A8CD7127B426320093CB56 /* Assets.xcassets */ = {isa = PBXFileReference; lastKnownFileType = folder.assetcatalog; path = Assets.xcassets; sourceTree = "<group>"; };
		75A8CD7427B426320093CB56 /* Base */ = {isa = PBXFileReference; lastKnownFileType = file.storyboard; name = Base; path = Base.lproj/LaunchScreen.storyboard; sourceTree = "<group>"; };
		75A8CD7627B426320093CB56 /* Info.plist */ = {isa = PBXFileReference; lastKnownFileType = text.plist.xml; path = Info.plist; sourceTree = "<group>"; };
		75A8CD7C27B42BE60093CB56 /* PrimaryTableViewController.swift */ = {isa = PBXFileReference; lastKnownFileType = sourcecode.swift; path = PrimaryTableViewController.swift; sourceTree = "<group>"; };
		75A8CD7E27B42BFB0093CB56 /* SecondaryViewController.swift */ = {isa = PBXFileReference; lastKnownFileType = sourcecode.swift; path = SecondaryViewController.swift; sourceTree = "<group>"; };
		75A8CD8027B42C8A0093CB56 /* ACNHCharacters.plist */ = {isa = PBXFileReference; fileEncoding = 4; lastKnownFileType = text.plist.xml; path = ACNHCharacters.plist; sourceTree = "<group>"; };
		75A8CD8227B42CB00093CB56 /* Villager.swift */ = {isa = PBXFileReference; lastKnownFileType = sourcecode.swift; path = Villager.swift; sourceTree = "<group>"; };
		75A8CD8427B42CE10093CB56 /* DataLoader.swift */ = {isa = PBXFileReference; lastKnownFileType = sourcecode.swift; path = DataLoader.swift; sourceTree = "<group>"; };
/* End PBXFileReference section */

/* Begin PBXFrameworksBuildPhase section */
		75A8CD6227B4262D0093CB56 /* Frameworks */ = {
			isa = PBXFrameworksBuildPhase;
			buildActionMask = 2147483647;
			files = (
			);
			runOnlyForDeploymentPostprocessing = 0;
		};
/* End PBXFrameworksBuildPhase section */

/* Begin PBXGroup section */
		75A8CD5C27B4262C0093CB56 = {
			isa = PBXGroup;
			children = (
				75A8CD6727B4262D0093CB56 /* ACNH */,
				75A8CD6627B4262D0093CB56 /* Products */,
			);
			sourceTree = "<group>";
		};
		75A8CD6627B4262D0093CB56 /* Products */ = {
			isa = PBXGroup;
			children = (
				75A8CD6527B4262D0093CB56 /* ACNH.app */,
			);
			name = Products;
			sourceTree = "<group>";
		};
		75A8CD6727B4262D0093CB56 /* ACNH */ = {
			isa = PBXGroup;
			children = (
				75A8CD6827B4262D0093CB56 /* AppDelegate.swift */,
				75A8CD6A27B4262D0093CB56 /* SceneDelegate.swift */,
				75A8CD6E27B4262D0093CB56 /* Main.storyboard */,
				75A8CD7C27B42BE60093CB56 /* PrimaryTableViewController.swift */,
				75A8CD7E27B42BFB0093CB56 /* SecondaryViewController.swift */,
				75A8CD7127B426320093CB56 /* Assets.xcassets */,
				75A8CD7327B426320093CB56 /* LaunchScreen.storyboard */,
				75A8CD7627B426320093CB56 /* Info.plist */,
				75A8CD8027B42C8A0093CB56 /* ACNHCharacters.plist */,
				75A8CD8227B42CB00093CB56 /* Villager.swift */,
				75A8CD8427B42CE10093CB56 /* DataLoader.swift */,
				0A8E66AF27F5288500E4BA64 /* FinkHeavy.ttf */,
			);
			path = ACNH;
			sourceTree = "<group>";
		};
/* End PBXGroup section */

/* Begin PBXNativeTarget section */
		75A8CD6427B4262D0093CB56 /* ACNH */ = {
			isa = PBXNativeTarget;
			buildConfigurationList = 75A8CD7927B426320093CB56 /* Build configuration list for PBXNativeTarget "ACNH" */;
			buildPhases = (
				75A8CD6127B4262D0093CB56 /* Sources */,
				75A8CD6227B4262D0093CB56 /* Frameworks */,
				75A8CD6327B4262D0093CB56 /* Resources */,
			);
			buildRules = (
			);
			dependencies = (
			);
			name = ACNH;
			productName = Potter;
			productReference = 75A8CD6527B4262D0093CB56 /* ACNH.app */;
			productType = "com.apple.product-type.application";
		};
/* End PBXNativeTarget section */

/* Begin PBXProject section */
		75A8CD5D27B4262C0093CB56 /* Project object */ = {
			isa = PBXProject;
			attributes = {
				BuildIndependentTargetsInParallel = 1;
				LastSwiftUpdateCheck = 1320;
				LastUpgradeCheck = 1320;
				TargetAttributes = {
					75A8CD6427B4262D0093CB56 = {
						CreatedOnToolsVersion = 13.2.1;
					};
				};
			};
			buildConfigurationList = 75A8CD6027B4262C0093CB56 /* Build configuration list for PBXProject "ACNH" */;
			compatibilityVersion = "Xcode 13.0";
			developmentRegion = en;
			hasScannedForEncodings = 0;
			knownRegions = (
				en,
				Base,
			);
			mainGroup = 75A8CD5C27B4262C0093CB56;
			productRefGroup = 75A8CD6627B4262D0093CB56 /* Products */;
			projectDirPath = "";
			projectRoot = "";
			targets = (
				75A8CD6427B4262D0093CB56 /* ACNH */,
			);
		};
/* End PBXProject section */

/* Begin PBXResourcesBuildPhase section */
		75A8CD6327B4262D0093CB56 /* Resources */ = {
			isa = PBXResourcesBuildPhase;
			buildActionMask = 2147483647;
			files = (
				75A8CD7527B426320093CB56 /* LaunchScreen.storyboard in Resources */,
				75A8CD7227B426320093CB56 /* Assets.xcassets in Resources */,
				75A8CD8127B42C8A0093CB56 /* ACNHCharacters.plist in Resources */,
				75A8CD7027B4262D0093CB56 /* Main.storyboard in Resources */,
				0A8E66B027F5288600E4BA64 /* FinkHeavy.ttf in Resources */,
			);
			runOnlyForDeploymentPostprocessing = 0;
		};
/* End PBXResourcesBuildPhase section */

/* Begin PBXSourcesBuildPhase section */
		75A8CD6127B4262D0093CB56 /* Sources */ = {
			isa = PBXSourcesBuildPhase;
			buildActionMask = 2147483647;
			files = (
				75A8CD8327B42CB00093CB56 /* Villager.swift in Sources */,
				75A8CD6927B4262D0093CB56 /* AppDelegate.swift in Sources */,
				75A8CD8527B42CE10093CB56 /* DataLoader.swift in Sources */,
				75A8CD6B27B4262D0093CB56 /* SceneDelegate.swift in Sources */,
				75A8CD7D27B42BE70093CB56 /* PrimaryTableViewController.swift in Sources */,
				75A8CD7F27B42BFB0093CB56 /* SecondaryViewController.swift in Sources */,
			);
			runOnlyForDeploymentPostprocessing = 0;
		};
/* End PBXSourcesBuildPhase section */

/* Begin PBXVariantGroup section */
		75A8CD6E27B4262D0093CB56 /* Main.storyboard */ = {
			isa = PBXVariantGroup;
			children = (
				75A8CD6F27B4262D0093CB56 /* Base */,
			);
			name = Main.storyboard;
			sourceTree = "<group>";
		};
		75A8CD7327B426320093CB56 /* LaunchScreen.storyboard */ = {
			isa = PBXVariantGroup;
			children = (
				75A8CD7427B426320093CB56 /* Base */,
			);
			name = LaunchScreen.storyboard;
			sourceTree = "<group>";
		};
/* End PBXVariantGroup section */

/* Begin XCBuildConfiguration section */
		75A8CD7727B426320093CB56 /* Debug */ = {
			isa = XCBuildConfiguration;
			buildSettings = {
				ALWAYS_SEARCH_USER_PATHS = NO;
				CLANG_ANALYZER_NONNULL = YES;
				CLANG_ANALYZER_NUMBER_OBJECT_CONVERSION = YES_AGGRESSIVE;
				CLANG_CXX_LANGUAGE_STANDARD = "gnu++17";
				CLANG_CXX_LIBRARY = "libc++";
				CLANG_ENABLE_MODULES = YES;
				CLANG_ENABLE_OBJC_ARC = YES;
				CLANG_ENABLE_OBJC_WEAK = YES;
				CLANG_WARN_BLOCK_CAPTURE_AUTORELEASING = YES;
				CLANG_WARN_BOOL_CONVERSION = YES;
				CLANG_WARN_COMMA = YES;
				CLANG_WARN_CONSTANT_CONVERSION = YES;
				CLANG_WARN_DEPRECATED_OBJC_IMPLEMENTATIONS = YES;
				CLANG_WARN_DIRECT_OBJC_ISA_USAGE = YES_ERROR;
				CLANG_WARN_DOCUMENTATION_COMMENTS = YES;
				CLANG_WARN_EMPTY_BODY = YES;
				CLANG_WARN_ENUM_CONVERSION = YES;
				CLANG_WARN_INFINITE_RECURSION = YES;
				CLANG_WARN_INT_CONVERSION = YES;
				CLANG_WARN_NON_LITERAL_NULL_CONVERSION = YES;
				CLANG_WARN_OBJC_IMPLICIT_RETAIN_SELF = YES;
				CLANG_WARN_OBJC_LITERAL_CONVERSION = YES;
				CLANG_WARN_OBJC_ROOT_CLASS = YES_ERROR;
				CLANG_WARN_QUOTED_INCLUDE_IN_FRAMEWORK_HEADER = YES;
				CLANG_WARN_RANGE_LOOP_ANALYSIS = YES;
				CLANG_WARN_STRICT_PROTOTYPES = YES;
				CLANG_WARN_SUSPICIOUS_MOVE = YES;
				CLANG_WARN_UNGUARDED_AVAILABILITY = YES_AGGRESSIVE;
				CLANG_WARN_UNREACHABLE_CODE = YES;
				CLANG_WARN__DUPLICATE_METHOD_MATCH = YES;
				COPY_PHASE_STRIP = NO;
				DEBUG_INFORMATION_FORMAT = dwarf;
				ENABLE_STRICT_OBJC_MSGSEND = YES;
				ENABLE_TESTABILITY = YES;
				GCC_C_LANGUAGE_STANDARD = gnu11;
				GCC_DYNAMIC_NO_PIC = NO;
				GCC_NO_COMMON_BLOCKS = YES;
				GCC_OPTIMIZATION_LEVEL = 0;
				GCC_PREPROCESSOR_DEFINITIONS = (
					"DEBUG=1",
					"$(inherited)",
				);
				GCC_WARN_64_TO_32_BIT_CONVERSION = YES;
				GCC_WARN_ABOUT_RETURN_TYPE = YES_ERROR;
				GCC_WARN_UNDECLARED_SELECTOR = YES;
				GCC_WARN_UNINITIALIZED_AUTOS = YES_AGGRESSIVE;
				GCC_WARN_UNUSED_FUNCTION = YES;
				GCC_WARN_UNUSED_VARIABLE = YES;
				IPHONEOS_DEPLOYMENT_TARGET = 15.2;
				MTL_ENABLE_DEBUG_INFO = INCLUDE_SOURCE;
				MTL_FAST_MATH = YES;
				ONLY_ACTIVE_ARCH = YES;
				SDKROOT = iphoneos;
				SWIFT_ACTIVE_COMPILATION_CONDITIONS = DEBUG;
				SWIFT_OPTIMIZATION_LEVEL = "-Onone";
			};
			name = Debug;
		};
		75A8CD7827B426320093CB56 /* Release */ = {
			isa = XCBuildConfiguration;
			buildSettings = {
				ALWAYS_SEARCH_USER_PATHS = NO;
				CLANG_ANALYZER_NONNULL = YES;
				CLANG_ANALYZER_NUMBER_OBJECT_CONVERSION = YES_AGGRESSIVE;
				CLANG_CXX_LANGUAGE_STANDARD = "gnu++17";
				CLANG_CXX_LIBRARY = "libc++";
				CLANG_ENABLE_MODULES = YES;
				CLANG_ENABLE_OBJC_ARC = YES;
				CLANG_ENABLE_OBJC_WEAK = YES;
				CLANG_WARN_BLOCK_CAPTURE_AUTORELEASING = YES;
				CLANG_WARN_BOOL_CONVERSION = YES;
				CLANG_WARN_COMMA = YES;
				CLANG_WARN_CONSTANT_CONVERSION = YES;
				CLANG_WARN_DEPRECATED_OBJC_IMPLEMENTATIONS = YES;
				CLANG_WARN_DIRECT_OBJC_ISA_USAGE = YES_ERROR;
				CLANG_WARN_DOCUMENTATION_COMMENTS = YES;
				CLANG_WARN_EMPTY_BODY = YES;
				CLANG_WARN_ENUM_CONVERSION = YES;
				CLANG_WARN_INFINITE_RECURSION = YES;
				CLANG_WARN_INT_CONVERSION = YES;
				CLANG_WARN_NON_LITERAL_NULL_CONVERSION = YES;
				CLANG_WARN_OBJC_IMPLICIT_RETAIN_SELF = YES;
				CLANG_WARN_OBJC_LITERAL_CONVERSION = YES;
				CLANG_WARN_OBJC_ROOT_CLASS = YES_ERROR;
				CLANG_WARN_QUOTED_INCLUDE_IN_FRAMEWORK_HEADER = YES;
				CLANG_WARN_RANGE_LOOP_ANALYSIS = YES;
				CLANG_WARN_STRICT_PROTOTYPES = YES;
				CLANG_WARN_SUSPICIOUS_MOVE = YES;
				CLANG_WARN_UNGUARDED_AVAILABILITY = YES_AGGRESSIVE;
				CLANG_WARN_UNREACHABLE_CODE = YES;
				CLANG_WARN__DUPLICATE_METHOD_MATCH = YES;
				COPY_PHASE_STRIP = NO;
				DEBUG_INFORMATION_FORMAT = "dwarf-with-dsym";
				ENABLE_NS_ASSERTIONS = NO;
				ENABLE_STRICT_OBJC_MSGSEND = YES;
				GCC_C_LANGUAGE_STANDARD = gnu11;
				GCC_NO_COMMON_BLOCKS = YES;
				GCC_WARN_64_TO_32_BIT_CONVERSION = YES;
				GCC_WARN_ABOUT_RETURN_TYPE = YES_ERROR;
				GCC_WARN_UNDECLARED_SELECTOR = YES;
				GCC_WARN_UNINITIALIZED_AUTOS = YES_AGGRESSIVE;
				GCC_WARN_UNUSED_FUNCTION = YES;
				GCC_WARN_UNUSED_VARIABLE = YES;
				IPHONEOS_DEPLOYMENT_TARGET = 15.2;
				MTL_ENABLE_DEBUG_INFO = NO;
				MTL_FAST_MATH = YES;
				SDKROOT = iphoneos;
				SWIFT_COMPILATION_MODE = wholemodule;
				SWIFT_OPTIMIZATION_LEVEL = "-O";
				VALIDATE_PRODUCT = YES;
			};
			name = Release;
		};
		75A8CD7A27B426320093CB56 /* Debug */ = {
			isa = XCBuildConfiguration;
			buildSettings = {
				ASSETCATALOG_COMPILER_APPICON_NAME = AppIcon;
				ASSETCATALOG_COMPILER_GLOBAL_ACCENT_COLOR_NAME = AccentColor;
				CODE_SIGN_STYLE = Automatic;
				CURRENT_PROJECT_VERSION = 1;
				GENERATE_INFOPLIST_FILE = YES;
				INFOPLIST_FILE = ACNH/Info.plist;
				INFOPLIST_KEY_UIApplicationSupportsIndirectInputEvents = YES;
				INFOPLIST_KEY_UILaunchStoryboardName = LaunchScreen;
				INFOPLIST_KEY_UIMainStoryboardFile = Main;
				INFOPLIST_KEY_UISupportedInterfaceOrientations_iPad = "UIInterfaceOrientationPortrait UIInterfaceOrientationPortraitUpsideDown UIInterfaceOrientationLandscapeLeft UIInterfaceOrientationLandscapeRight";
				INFOPLIST_KEY_UISupportedInterfaceOrientations_iPhone = "UIInterfaceOrientationPortrait UIInterfaceOrientationLandscapeLeft UIInterfaceOrientationLandscapeRight";
				LD_RUNPATH_SEARCH_PATHS = (
					"$(inherited)",
					"@executable_path/Frameworks",
				);
				MARKETING_VERSION = 1.0;
				PRODUCT_BUNDLE_IDENTIFIER = kewo2098.ACNH;
				PRODUCT_NAME = "$(TARGET_NAME)";
				SWIFT_EMIT_LOC_STRINGS = YES;
				SWIFT_VERSION = 5.0;
				TARGETED_DEVICE_FAMILY = "1,2";
			};
			name = Debug;
		};
		75A8CD7B27B426320093CB56 /* Release */ = {
			isa = XCBuildConfiguration;
			buildSettings = {
				ASSETCATALOG_COMPILER_APPICON_NAME = AppIcon;
				ASSETCATALOG_COMPILER_GLOBAL_ACCENT_COLOR_NAME = AccentColor;
				CODE_SIGN_STYLE = Automatic;
				CURRENT_PROJECT_VERSION = 1;
				GENERATE_INFOPLIST_FILE = YES;
				INFOPLIST_FILE = ACNH/Info.plist;
				INFOPLIST_KEY_UIApplicationSupportsIndirectInputEvents = YES;
				INFOPLIST_KEY_UILaunchStoryboardName = LaunchScreen;
				INFOPLIST_KEY_UIMainStoryboardFile = Main;
				INFOPLIST_KEY_UISupportedInterfaceOrientations_iPad = "UIInterfaceOrientationPortrait UIInterfaceOrientationPortraitUpsideDown UIInterfaceOrientationLandscapeLeft UIInterfaceOrientationLandscapeRight";
				INFOPLIST_KEY_UISupportedInterfaceOrientations_iPhone = "UIInterfaceOrientationPortrait UIInterfaceOrientationLandscapeLeft UIInterfaceOrientationLandscapeRight";
				LD_RUNPATH_SEARCH_PATHS = (
					"$(inherited)",
					"@executable_path/Frameworks",
				);
				MARKETING_VERSION = 1.0;
				PRODUCT_BUNDLE_IDENTIFIER = kewo2098.ACNH;
				PRODUCT_NAME = "$(TARGET_NAME)";
				SWIFT_EMIT_LOC_STRINGS = YES;
				SWIFT_VERSION = 5.0;
				TARGETED_DEVICE_FAMILY = "1,2";
			};
			name = Release;
		};
/* End XCBuildConfiguration section */

/* Begin XCConfigurationList section */
		75A8CD6027B4262C0093CB56 /* Build configuration list for PBXProject "ACNH" */ = {
			isa = XCConfigurationList;
			buildConfigurations = (
				75A8CD7727B426320093CB56 /* Debug */,
				75A8CD7827B426320093CB56 /* Release */,
			);
			defaultConfigurationIsVisible = 0;
			defaultConfigurationName = Release;
		};
		75A8CD7927B426320093CB56 /* Build configuration list for PBXNativeTarget "ACNH" */ = {
			isa = XCConfigurationList;
			buildConfigurations = (
				75A8CD7A27B426320093CB56 /* Debug */,
				75A8CD7B27B426320093CB56 /* Release */,
			);
			defaultConfigurationIsVisible = 0;
			defaultConfigurationName = Release;
		};
/* End XCConfigurationList section */
	};
	rootObject = 75A8CD5D27B4262C0093CB56 /* Project object */;
}
